
Microsoft Visual Studio Solution File, Format Version 12.00
# Visual Studio 15
VisualStudioVersion = 15.0.28307.329
MinimumVisualStudioVersion = 10.0.40219.1
Project("{FAE04EC0-301F-11D3-BF4B-00C04F79EFBC}") = "OpenSpecialFolder.UI", "OpenSpecialFolder.UI\OpenSpecialFolder.UI.csproj", "{A44B1B23-FE42-40B7-9E5C-89431FABDC21}"
EndProject
Global
	GlobalSection(SolutionConfigurationPlatforms) = preSolution
		Debug|Any CPU = Debug|Any CPU
		Release|Any CPU = Release|Any CPU
	EndGlobalSection
	GlobalSection(ProjectConfigurationPlatforms) = postSolution
		{A44B1B23-FE42-40B7-9E5C-89431FABDC21}.Debug|Any CPU.ActiveCfg = Debug|Any CPU
		{A44B1B23-FE42-40B7-9E5C-89431FABDC21}.Debug|Any CPU.Build.0 = Debug|Any CPU
		{A44B1B23-FE42-40B7-9E5C-89431FABDC21}.Release|Any CPU.ActiveCfg = Release|Any CPU
		{A44B1B23-FE42-40B7-9E5C-89431FABDC21}.Release|Any CPU.Build.0 = Release|Any CPU
	EndGlobalSection
	GlobalSection(SolutionProperties) = preSolution
		HideSolutionNode = FALSE
	EndGlobalSection
	GlobalSection(ExtensibilityGlobals) = postSolution
		SolutionGuid = {C7566BA2-B128-4D19-B063-518054422366}
	EndGlobalSection
EndGlobal
